
Microsoft Visual Studio Solution File, Format Version 12.00
# Visual Studio Version 16
VisualStudioVersion = 16.0.30002.166
MinimumVisualStudioVersion = 10.0.40219.1
Project("{2150E333-8FDC-42A3-9474-1A3956D46DE8}") = "Api-Gateway", "Api-Gateway", "{51AB0137-F2F1-4100-B02F-D248EAD3678A}"
EndProject
Project("{9A19103F-16F7-4668-BE54-9A1E7A4F7556}") = "Kanbersky.Ocelot.Gateway", "Api-Gateway\Kanbersky.Ocelot.Gateway\Kanbersky.Ocelot.Gateway.csproj", "{1989F052-42ED-4CCD-92E7-9F9ADBE12106}"
EndProject
Project("{2150E333-8FDC-42A3-9474-1A3956D46DE8}") = "Microservices", "Microservices", "{BFD6457D-93CA-4315-BB4E-C51676E424E8}"
EndProject
Project("{2150E333-8FDC-42A3-9474-1A3956D46DE8}") = "Product", "Product", "{32702C56-830A-4311-8539-D664D169C262}"
EndProject
Project("{2150E333-8FDC-42A3-9474-1A3956D46DE8}") = "Order", "Order", "{06160CC1-7B23-461A-B0E2-3A24B852FE26}"
EndProject
Project("{9A19103F-16F7-4668-BE54-9A1E7A4F7556}") = "Kanbersky.Order.Api", "Microservices\Order\Kanbersky.Order.Api\Kanbersky.Order.Api.csproj", "{23618AF2-A3DA-4D7B-9CAC-06C72A57DCD6}"
EndProject
Project("{9A19103F-16F7-4668-BE54-9A1E7A4F7556}") = "Kanbersky.Product.Api", "Microservices\Product\Kanbersky.Product.Api\Kanbersky.Product.Api.csproj", "{0F9F1B37-08FC-41F4-A186-C1F5F19F46D6}"
EndProject
Project("{9A19103F-16F7-4668-BE54-9A1E7A4F7556}") = "Kanbersky.Order.Business", "Microservices\Order\Kanbersky.Order.Business\Kanbersky.Order.Business.csproj", "{1F32E429-8561-4A0F-9D24-A85D78341AAE}"
EndProject
Project("{9A19103F-16F7-4668-BE54-9A1E7A4F7556}") = "Kanbersky.Order.DAL", "Microservices\Order\Kanbersky.Order.DAL\Kanbersky.Order.DAL.csproj", "{DE5DACC4-5839-42BF-8CCE-C13719637C30}"
EndProject
Project("{9A19103F-16F7-4668-BE54-9A1E7A4F7556}") = "Kanbersky.Order.Entities", "Microservices\Order\Kanbersky.Order.Entities\Kanbersky.Order.Entities.csproj", "{E439169E-B125-40BE-8B79-E394BBAA37F2}"
EndProject
Project("{9A19103F-16F7-4668-BE54-9A1E7A4F7556}") = "Kanbersky.Ocelot.Core", "Kanbersky.Ocelot.Core\Kanbersky.Ocelot.Core.csproj", "{2D6D01CF-7A42-4BC4-A6B6-B420479E8973}"
EndProject
Project("{9A19103F-16F7-4668-BE54-9A1E7A4F7556}") = "Kanbersky.Product.Business", "Microservices\Product\Kanbersky.Product.Business\Kanbersky.Product.Business.csproj", "{7E098BFD-2B35-45DF-A861-9D4CC9E80EDB}"
EndProject
Project("{9A19103F-16F7-4668-BE54-9A1E7A4F7556}") = "Kanbersky.Product.DAL", "Microservices\Product\Kanbersky.Product.DAL\Kanbersky.Product.DAL.csproj", "{549416C8-C1CA-45B3-9B7F-528E27FA1263}"
EndProject
Project("{9A19103F-16F7-4668-BE54-9A1E7A4F7556}") = "Kanbersky.Product.Entities", "Microservices\Product\Kanbersky.Product.Entities\Kanbersky.Product.Entities.csproj", "{5290627E-E94F-4C88-BA79-899AF2B9E8A0}"
EndProject
Project("{2150E333-8FDC-42A3-9474-1A3956D46DE8}") = "Api-Gateway-Notlar", "Api-Gateway-Notlar", "{2F55A6AA-9F60-494D-A1D6-C05DCCD2853E}"
	ProjectSection(SolutionItems) = preProject
		ApiGatewayNotlarim.txt = ApiGatewayNotlarim.txt
	EndProjectSection
EndProject
Project("{2150E333-8FDC-42A3-9474-1A3956D46DE8}") = "Autofac-Notlar", "Autofac-Notlar", "{A976C28B-69D3-4C1A-B272-451F7F0ECACB}"
	ProjectSection(SolutionItems) = preProject
		AutofacNotlarim.txt = AutofacNotlarim.txt
	EndProjectSection
EndProject
Global
	GlobalSection(SolutionConfigurationPlatforms) = preSolution
		Debug|Any CPU = Debug|Any CPU
		Release|Any CPU = Release|Any CPU
	EndGlobalSection
	GlobalSection(ProjectConfigurationPlatforms) = postSolution
		{1989F052-42ED-4CCD-92E7-9F9ADBE12106}.Debug|Any CPU.ActiveCfg = Debug|Any CPU
		{1989F052-42ED-4CCD-92E7-9F9ADBE12106}.Debug|Any CPU.Build.0 = Debug|Any CPU
		{1989F052-42ED-4CCD-92E7-9F9ADBE12106}.Release|Any CPU.ActiveCfg = Release|Any CPU
		{1989F052-42ED-4CCD-92E7-9F9ADBE12106}.Release|Any CPU.Build.0 = Release|Any CPU
		{23618AF2-A3DA-4D7B-9CAC-06C72A57DCD6}.Debug|Any CPU.ActiveCfg = Debug|Any CPU
		{23618AF2-A3DA-4D7B-9CAC-06C72A57DCD6}.Debug|Any CPU.Build.0 = Debug|Any CPU
		{23618AF2-A3DA-4D7B-9CAC-06C72A57DCD6}.Release|Any CPU.ActiveCfg = Release|Any CPU
		{23618AF2-A3DA-4D7B-9CAC-06C72A57DCD6}.Release|Any CPU.Build.0 = Release|Any CPU
		{0F9F1B37-08FC-41F4-A186-C1F5F19F46D6}.Debug|Any CPU.ActiveCfg = Debug|Any CPU
		{0F9F1B37-08FC-41F4-A186-C1F5F19F46D6}.Debug|Any CPU.Build.0 = Debug|Any CPU
		{0F9F1B37-08FC-41F4-A186-C1F5F19F46D6}.Release|Any CPU.ActiveCfg = Release|Any CPU
		{0F9F1B37-08FC-41F4-A186-C1F5F19F46D6}.Release|Any CPU.Build.0 = Release|Any CPU
		{1F32E429-8561-4A0F-9D24-A85D78341AAE}.Debug|Any CPU.ActiveCfg = Debug|Any CPU
		{1F32E429-8561-4A0F-9D24-A85D78341AAE}.Debug|Any CPU.Build.0 = Debug|Any CPU
		{1F32E429-8561-4A0F-9D24-A85D78341AAE}.Release|Any CPU.ActiveCfg = Release|Any CPU
		{1F32E429-8561-4A0F-9D24-A85D78341AAE}.Release|Any CPU.Build.0 = Release|Any CPU
		{DE5DACC4-5839-42BF-8CCE-C13719637C30}.Debug|Any CPU.ActiveCfg = Debug|Any CPU
		{DE5DACC4-5839-42BF-8CCE-C13719637C30}.Debug|Any CPU.Build.0 = Debug|Any CPU
		{DE5DACC4-5839-42BF-8CCE-C13719637C30}.Release|Any CPU.ActiveCfg = Release|Any CPU
		{DE5DACC4-5839-42BF-8CCE-C13719637C30}.Release|Any CPU.Build.0 = Release|Any CPU
		{E439169E-B125-40BE-8B79-E394BBAA37F2}.Debug|Any CPU.ActiveCfg = Debug|Any CPU
		{E439169E-B125-40BE-8B79-E394BBAA37F2}.Debug|Any CPU.Build.0 = Debug|Any CPU
		{E439169E-B125-40BE-8B79-E394BBAA37F2}.Release|Any CPU.ActiveCfg = Release|Any CPU
		{E439169E-B125-40BE-8B79-E394BBAA37F2}.Release|Any CPU.Build.0 = Release|Any CPU
		{2D6D01CF-7A42-4BC4-A6B6-B420479E8973}.Debug|Any CPU.ActiveCfg = Debug|Any CPU
		{2D6D01CF-7A42-4BC4-A6B6-B420479E8973}.Debug|Any CPU.Build.0 = Debug|Any CPU
		{2D6D01CF-7A42-4BC4-A6B6-B420479E8973}.Release|Any CPU.ActiveCfg = Release|Any CPU
		{2D6D01CF-7A42-4BC4-A6B6-B420479E8973}.Release|Any CPU.Build.0 = Release|Any CPU
		{7E098BFD-2B35-45DF-A861-9D4CC9E80EDB}.Debug|Any CPU.ActiveCfg = Debug|Any CPU
		{7E098BFD-2B35-45DF-A861-9D4CC9E80EDB}.Debug|Any CPU.Build.0 = Debug|Any CPU
		{7E098BFD-2B35-45DF-A861-9D4CC9E80EDB}.Release|Any CPU.ActiveCfg = Release|Any CPU
		{7E098BFD-2B35-45DF-A861-9D4CC9E80EDB}.Release|Any CPU.Build.0 = Release|Any CPU
		{549416C8-C1CA-45B3-9B7F-528E27FA1263}.Debug|Any CPU.ActiveCfg = Debug|Any CPU
		{549416C8-C1CA-45B3-9B7F-528E27FA1263}.Debug|Any CPU.Build.0 = Debug|Any CPU
		{549416C8-C1CA-45B3-9B7F-528E27FA1263}.Release|Any CPU.ActiveCfg = Release|Any CPU
		{549416C8-C1CA-45B3-9B7F-528E27FA1263}.Release|Any CPU.Build.0 = Release|Any CPU
		{5290627E-E94F-4C88-BA79-899AF2B9E8A0}.Debug|Any CPU.ActiveCfg = Debug|Any CPU
		{5290627E-E94F-4C88-BA79-899AF2B9E8A0}.Debug|Any CPU.Build.0 = Debug|Any CPU
		{5290627E-E94F-4C88-BA79-899AF2B9E8A0}.Release|Any CPU.ActiveCfg = Release|Any CPU
		{5290627E-E94F-4C88-BA79-899AF2B9E8A0}.Release|Any CPU.Build.0 = Release|Any CPU
	EndGlobalSection
	GlobalSection(SolutionProperties) = preSolution
		HideSolutionNode = FALSE
	EndGlobalSection
	GlobalSection(NestedProjects) = preSolution
		{1989F052-42ED-4CCD-92E7-9F9ADBE12106} = {51AB0137-F2F1-4100-B02F-D248EAD3678A}
		{32702C56-830A-4311-8539-D664D169C262} = {BFD6457D-93CA-4315-BB4E-C51676E424E8}
		{06160CC1-7B23-461A-B0E2-3A24B852FE26} = {BFD6457D-93CA-4315-BB4E-C51676E424E8}
		{23618AF2-A3DA-4D7B-9CAC-06C72A57DCD6} = {06160CC1-7B23-461A-B0E2-3A24B852FE26}
		{0F9F1B37-08FC-41F4-A186-C1F5F19F46D6} = {32702C56-830A-4311-8539-D664D169C262}
		{1F32E429-8561-4A0F-9D24-A85D78341AAE} = {06160CC1-7B23-461A-B0E2-3A24B852FE26}
		{DE5DACC4-5839-42BF-8CCE-C13719637C30} = {06160CC1-7B23-461A-B0E2-3A24B852FE26}
		{E439169E-B125-40BE-8B79-E394BBAA37F2} = {06160CC1-7B23-461A-B0E2-3A24B852FE26}
		{7E098BFD-2B35-45DF-A861-9D4CC9E80EDB} = {32702C56-830A-4311-8539-D664D169C262}
		{549416C8-C1CA-45B3-9B7F-528E27FA1263} = {32702C56-830A-4311-8539-D664D169C262}
		{5290627E-E94F-4C88-BA79-899AF2B9E8A0} = {32702C56-830A-4311-8539-D664D169C262}
	EndGlobalSection
	GlobalSection(ExtensibilityGlobals) = postSolution
		SolutionGuid = {CD542E81-770C-43AD-B2DB-142C475E9057}
	EndGlobalSection
EndGlobal
